{
  "definition": "./",
  "optionals": [],
  "private": {
    "modules": [ {
      "definition": "https://github.com/Zefiros-Software/ZefirosDefaults.git",
      "hash": "bb8b151331f32080e1a144dc94fafab05b6bbec7",
      "name": "Zefiros-Software/Zefiros-Defaults",
      "public": {
        "libraries": [ {
          "definition": "https://github.com/Zefiros-Software/GoogleTest.git",
          "hash": "b4d333f14f977b3668de4e794d7d2e00b322d59a",
          "name": "Zefiros-Software/GoogleTest",
          "repository": "https://github.com/google/googletest.git",
          "tag": "release-1.4.0",
          "version": "1.4.0",
          "versionRequirement": "@head || ^1.0.0"
        }, {
          "definition": "https://github.com/Zefiros-Software/GoogleBenchmark.git",
          "hash": "e4ccad7c4a36f2a6dfaa2d391c00c5ec4ea63d7c",
          "name": "Zefiros-Software/GoogleBenchmark",
          "repository": "https://github.com/google/benchmark.git",
          "tag": "HEAD",
          "versionRequirement": "@head"
        } ]
      },
      "repository": "https://github.com/Zefiros-Software/ZefirosDefaults.git",
      "tag": "HEAD",
      "versionRequirement": "@head"
    } ]
  },
  "public": {
    "libraries": [ {
      "definition": "https://github.com/Zefiros-Software/Boost.git",
      "hash": "b143a5b72075f47307a23e680889d8434c8afc54",
      "name": "Zefiros-Software/Boost",
      "repository": "https://github.com/boostorg/boost.git",
      "settings": {
        "filesystem": true,
        "programoptions": true
      },
      "tag": "boost-1.66.0",
      "version": "1.66.0",
      "versionRequirement": ">1.61.0"
    }, {
      "definition": "https://github.com/Zefiros-Software/Fmt.git",
      "hash": "398343897f98b88ade80bbebdcbe82a36c65a980",
      "name": "Zefiros-Software/Fmt",
      "repository": "https://github.com/fmtlib/fmt.git",
      "tag": "4.0.0",
      "version": "4.0.0",
      "versionRequirement": "^4.0.0"
    }, {
      "definition": "https://github.com/Zefiros-Software/Date.git",
      "hash": "d9052cffa2014a2bf23f15064c97f57ec042be14",
      "name": "Zefiros-Software/Date",
      "repository": "https://github.com/HowardHinnant/date.git",
      "tag": "v2.4",
      "version": "2.4",
      "versionRequirement": "^2.1.0"
    }, {
      "definition": "https://github.com/Zefiros-Software/MathLib.git",
      "hash": "3e8035dd3478334c95752bc3d82364c5b72685d1",
      "name": "Zefiros-Software/MathLib",
      "repository": "https://github.com/Zefiros-Software/MathLib.git",
      "tag": "HEAD",
      "versionRequirement": "@head"
    } ]
  },
  "repository": "./"
}